
Microsoft Visual Studio Solution File, Format Version 12.00
# Visual Studio Version 16
VisualStudioVersion = 16.0.31507.150
MinimumVisualStudioVersion = 10.0.40219.1
Project("{9A19103F-16F7-4668-BE54-9A1E7A4F7556}") = "ShowYourKey", "ShowYourKey\ShowYourKey.csproj", "{27ABECAC-A435-41E2-9B66-D7B0DF6C7870}"
EndProject
Project("{FAE04EC0-301F-11D3-BF4B-00C04F79EFBC}") = "Hook", "Hook\Hook.csproj", "{6202A5A7-37A0-4874-A56F-7316C50F13F5}"
EndProject
Global
	GlobalSection(SolutionConfigurationPlatforms) = preSolution
		Debug|Any CPU = Debug|Any CPU
		Release|Any CPU = Release|Any CPU
	EndGlobalSection
	GlobalSection(ProjectConfigurationPlatforms) = postSolution
		{27ABECAC-A435-41E2-9B66-D7B0DF6C7870}.Debug|Any CPU.ActiveCfg = Debug|Any CPU
		{27ABECAC-A435-41E2-9B66-D7B0DF6C7870}.Debug|Any CPU.Build.0 = Debug|Any CPU
		{27ABECAC-A435-41E2-9B66-D7B0DF6C7870}.Release|Any CPU.ActiveCfg = Release|Any CPU
		{27ABECAC-A435-41E2-9B66-D7B0DF6C7870}.Release|Any CPU.Build.0 = Release|Any CPU
		{6202A5A7-37A0-4874-A56F-7316C50F13F5}.Debug|Any CPU.ActiveCfg = Debug|Any CPU
		{6202A5A7-37A0-4874-A56F-7316C50F13F5}.Debug|Any CPU.Build.0 = Debug|Any CPU
		{6202A5A7-37A0-4874-A56F-7316C50F13F5}.Release|Any CPU.ActiveCfg = Release|Any CPU
		{6202A5A7-37A0-4874-A56F-7316C50F13F5}.Release|Any CPU.Build.0 = Release|Any CPU
	EndGlobalSection
	GlobalSection(SolutionProperties) = preSolution
		HideSolutionNode = FALSE
	EndGlobalSection
	GlobalSection(ExtensibilityGlobals) = postSolution
		SolutionGuid = {85079A66-8D87-4481-8C54-ACBEA842888C}
	EndGlobalSection
EndGlobal
